# This file is generated by running "yarn install" inside your project.
# Manual changes might be lost - proceed with caution!

__metadata:
  version: 8
  cacheKey: 10c0

"react-native-local-web-runtime@workspace:.":
  version: 0.0.0-use.local
  resolution: "react-native-local-web-runtime@workspace:."
  peerDependencies:
    react: ">=18"
    react-native: ">=0.72"
  languageName: unknown
  linkType: soft
